
Microsoft Visual Studio Solution File, Format Version 12.00
# Visual Studio 15
VisualStudioVersion = 15.0.27703.2026
MinimumVisualStudioVersion = 10.0.40219.1
Project("{FAE04EC0-301F-11D3-BF4B-00C04F79EFBC}") = "ProgrammingAssignment_2_CSIS209", "ProgrammingAssignment_2_CSIS209.csproj", "{76B37278-DD0D-4004-8E19-3B277E3EB388}"
EndProject
Global
	GlobalSection(SolutionConfigurationPlatforms) = preSolution
		Debug|Any CPU = Debug|Any CPU
		Release|Any CPU = Release|Any CPU
	EndGlobalSection
	GlobalSection(ProjectConfigurationPlatforms) = postSolution
		{76B37278-DD0D-4004-8E19-3B277E3EB388}.Debug|Any CPU.ActiveCfg = Debug|Any CPU
		{76B37278-DD0D-4004-8E19-3B277E3EB388}.Debug|Any CPU.Build.0 = Debug|Any CPU
		{76B37278-DD0D-4004-8E19-3B277E3EB388}.Release|Any CPU.ActiveCfg = Release|Any CPU
		{76B37278-DD0D-4004-8E19-3B277E3EB388}.Release|Any CPU.Build.0 = Release|Any CPU
	EndGlobalSection
	GlobalSection(SolutionProperties) = preSolution
		HideSolutionNode = FALSE
	EndGlobalSection
	GlobalSection(ExtensibilityGlobals) = postSolution
		SolutionGuid = {033B7307-A1A8-4B3B-A22A-B293248902C1}
	EndGlobalSection
EndGlobal
